
Microsoft Visual Studio Solution File, Format Version 12.00
# Visual Studio Version 17
VisualStudioVersion = 17.2.32616.157
MinimumVisualStudioVersion = 10.0.40219.1
Project("{9A19103F-16F7-4668-BE54-9A1E7A4F7556}") = "SearchingAlgorithms", "Algorithms\SearchingAlgorithms.csproj", "{F7C4E706-0872-42DD-B304-CE6881D75DAA}"
EndProject
Project("{9A19103F-16F7-4668-BE54-9A1E7A4F7556}") = "SortingAlgorithms", "SortingAlgorithms\SortingAlgorithms.csproj", "{B673C15D-A9B6-4FDE-BE21-5A62A0D1C6A5}"
EndProject
Project("{9A19103F-16F7-4668-BE54-9A1E7A4F7556}") = "Recursion", "Recursion\Recursion.csproj", "{EE829451-CD54-4BB5-8309-A7A979CB19B6}"
EndProject
Project("{9A19103F-16F7-4668-BE54-9A1E7A4F7556}") = "Labyrinth", "Labyrinth\Labyrinth.csproj", "{56A71EE9-7DBC-4152-B132-2F9E413BFFF9}"
EndProject
Project("{FAE04EC0-301F-11D3-BF4B-00C04F79EFBC}") = "QueensPuzzle", "QueensPuzzle\QueensPuzzle.csproj", "{DB363CA9-9E5E-41C1-A73B-526C43FE557B}"
EndProject
Global
	GlobalSection(SolutionConfigurationPlatforms) = preSolution
		Debug|Any CPU = Debug|Any CPU
		Release|Any CPU = Release|Any CPU
	EndGlobalSection
	GlobalSection(ProjectConfigurationPlatforms) = postSolution
		{F7C4E706-0872-42DD-B304-CE6881D75DAA}.Debug|Any CPU.ActiveCfg = Debug|Any CPU
		{F7C4E706-0872-42DD-B304-CE6881D75DAA}.Debug|Any CPU.Build.0 = Debug|Any CPU
		{F7C4E706-0872-42DD-B304-CE6881D75DAA}.Release|Any CPU.ActiveCfg = Release|Any CPU
		{F7C4E706-0872-42DD-B304-CE6881D75DAA}.Release|Any CPU.Build.0 = Release|Any CPU
		{B673C15D-A9B6-4FDE-BE21-5A62A0D1C6A5}.Debug|Any CPU.ActiveCfg = Debug|Any CPU
		{B673C15D-A9B6-4FDE-BE21-5A62A0D1C6A5}.Debug|Any CPU.Build.0 = Debug|Any CPU
		{B673C15D-A9B6-4FDE-BE21-5A62A0D1C6A5}.Release|Any CPU.ActiveCfg = Release|Any CPU
		{B673C15D-A9B6-4FDE-BE21-5A62A0D1C6A5}.Release|Any CPU.Build.0 = Release|Any CPU
		{EE829451-CD54-4BB5-8309-A7A979CB19B6}.Debug|Any CPU.ActiveCfg = Debug|Any CPU
		{EE829451-CD54-4BB5-8309-A7A979CB19B6}.Debug|Any CPU.Build.0 = Debug|Any CPU
		{EE829451-CD54-4BB5-8309-A7A979CB19B6}.Release|Any CPU.ActiveCfg = Release|Any CPU
		{EE829451-CD54-4BB5-8309-A7A979CB19B6}.Release|Any CPU.Build.0 = Release|Any CPU
		{56A71EE9-7DBC-4152-B132-2F9E413BFFF9}.Debug|Any CPU.ActiveCfg = Debug|Any CPU
		{56A71EE9-7DBC-4152-B132-2F9E413BFFF9}.Debug|Any CPU.Build.0 = Debug|Any CPU
		{56A71EE9-7DBC-4152-B132-2F9E413BFFF9}.Release|Any CPU.ActiveCfg = Release|Any CPU
		{56A71EE9-7DBC-4152-B132-2F9E413BFFF9}.Release|Any CPU.Build.0 = Release|Any CPU
		{DB363CA9-9E5E-41C1-A73B-526C43FE557B}.Debug|Any CPU.ActiveCfg = Debug|Any CPU
		{DB363CA9-9E5E-41C1-A73B-526C43FE557B}.Debug|Any CPU.Build.0 = Debug|Any CPU
		{DB363CA9-9E5E-41C1-A73B-526C43FE557B}.Release|Any CPU.ActiveCfg = Release|Any CPU
		{DB363CA9-9E5E-41C1-A73B-526C43FE557B}.Release|Any CPU.Build.0 = Release|Any CPU
	EndGlobalSection
	GlobalSection(SolutionProperties) = preSolution
		HideSolutionNode = FALSE
	EndGlobalSection
	GlobalSection(ExtensibilityGlobals) = postSolution
		SolutionGuid = {294A3FAF-4F52-4F6A-8648-257D883E5DEF}
	EndGlobalSection
EndGlobal
